
Microsoft Visual Studio Solution File, Format Version 12.00
# Visual Studio Version 16
VisualStudioVersion = 16.0.30907.101
MinimumVisualStudioVersion = 10.0.40219.1
Project("{2150E333-8FDC-42A3-9474-1A3956D46DE8}") = "API", "API", "{D14987E0-1FFF-4AB5-A63A-4763D655BCED}"
EndProject
Project("{9A19103F-16F7-4668-BE54-9A1E7A4F7556}") = "VNQuiz.Alice", "API\VNQuiz.Alice\VNQuiz.Alice.csproj", "{B3EC1063-28F7-4CBD-B1F7-673208B647B8}"
EndProject
Project("{9A19103F-16F7-4668-BE54-9A1E7A4F7556}") = "VNQuiz.Alice.Tests", "API\VNQuiz.Alice.Tests\VNQuiz.Alice.Tests.csproj", "{5F557ECD-C5F9-44C2-A1F6-A36336E78D57}"
EndProject
Project("{2150E333-8FDC-42A3-9474-1A3956D46DE8}") = "Core", "Core", "{B7D9009F-5F7A-4884-9E6E-D36BD77B9478}"
EndProject
Project("{9A19103F-16F7-4668-BE54-9A1E7A4F7556}") = "VNQuiz.Core", "VNQuiz.Core\VNQuiz.Core.csproj", "{7A3D4478-A993-4653-9105-F84F56FE8F67}"
EndProject
Project("{9A19103F-16F7-4668-BE54-9A1E7A4F7556}") = "VNQuiz.Core.Tests", "VNQuiz.Core.Tests\VNQuiz.Core.Tests.csproj", "{71F770A1-13F0-4921-BE56-74FFDA285B63}"
EndProject
Global
	GlobalSection(SolutionConfigurationPlatforms) = preSolution
		Debug SDK|Any CPU = Debug SDK|Any CPU
		Debug|Any CPU = Debug|Any CPU
		Release|Any CPU = Release|Any CPU
	EndGlobalSection
	GlobalSection(ProjectConfigurationPlatforms) = postSolution
		{B3EC1063-28F7-4CBD-B1F7-673208B647B8}.Debug SDK|Any CPU.ActiveCfg = Debug|Any CPU
		{B3EC1063-28F7-4CBD-B1F7-673208B647B8}.Debug SDK|Any CPU.Build.0 = Debug|Any CPU
		{B3EC1063-28F7-4CBD-B1F7-673208B647B8}.Debug|Any CPU.ActiveCfg = Debug|Any CPU
		{B3EC1063-28F7-4CBD-B1F7-673208B647B8}.Debug|Any CPU.Build.0 = Debug|Any CPU
		{B3EC1063-28F7-4CBD-B1F7-673208B647B8}.Release|Any CPU.ActiveCfg = Release|Any CPU
		{B3EC1063-28F7-4CBD-B1F7-673208B647B8}.Release|Any CPU.Build.0 = Release|Any CPU
		{5F557ECD-C5F9-44C2-A1F6-A36336E78D57}.Debug SDK|Any CPU.ActiveCfg = Debug|Any CPU
		{5F557ECD-C5F9-44C2-A1F6-A36336E78D57}.Debug SDK|Any CPU.Build.0 = Debug|Any CPU
		{5F557ECD-C5F9-44C2-A1F6-A36336E78D57}.Debug|Any CPU.ActiveCfg = Debug|Any CPU
		{5F557ECD-C5F9-44C2-A1F6-A36336E78D57}.Debug|Any CPU.Build.0 = Debug|Any CPU
		{5F557ECD-C5F9-44C2-A1F6-A36336E78D57}.Release|Any CPU.ActiveCfg = Release|Any CPU
		{5F557ECD-C5F9-44C2-A1F6-A36336E78D57}.Release|Any CPU.Build.0 = Release|Any CPU
		{7A3D4478-A993-4653-9105-F84F56FE8F67}.Debug SDK|Any CPU.ActiveCfg = Debug|Any CPU
		{7A3D4478-A993-4653-9105-F84F56FE8F67}.Debug SDK|Any CPU.Build.0 = Debug|Any CPU
		{7A3D4478-A993-4653-9105-F84F56FE8F67}.Debug|Any CPU.ActiveCfg = Debug|Any CPU
		{7A3D4478-A993-4653-9105-F84F56FE8F67}.Debug|Any CPU.Build.0 = Debug|Any CPU
		{7A3D4478-A993-4653-9105-F84F56FE8F67}.Release|Any CPU.ActiveCfg = Release|Any CPU
		{7A3D4478-A993-4653-9105-F84F56FE8F67}.Release|Any CPU.Build.0 = Release|Any CPU
		{71F770A1-13F0-4921-BE56-74FFDA285B63}.Debug SDK|Any CPU.ActiveCfg = Debug|Any CPU
		{71F770A1-13F0-4921-BE56-74FFDA285B63}.Debug SDK|Any CPU.Build.0 = Debug|Any CPU
		{71F770A1-13F0-4921-BE56-74FFDA285B63}.Debug|Any CPU.ActiveCfg = Debug|Any CPU
		{71F770A1-13F0-4921-BE56-74FFDA285B63}.Debug|Any CPU.Build.0 = Debug|Any CPU
		{71F770A1-13F0-4921-BE56-74FFDA285B63}.Release|Any CPU.ActiveCfg = Release|Any CPU
		{71F770A1-13F0-4921-BE56-74FFDA285B63}.Release|Any CPU.Build.0 = Release|Any CPU
	EndGlobalSection
	GlobalSection(SolutionProperties) = preSolution
		HideSolutionNode = FALSE
	EndGlobalSection
	GlobalSection(NestedProjects) = preSolution
		{B3EC1063-28F7-4CBD-B1F7-673208B647B8} = {D14987E0-1FFF-4AB5-A63A-4763D655BCED}
		{5F557ECD-C5F9-44C2-A1F6-A36336E78D57} = {D14987E0-1FFF-4AB5-A63A-4763D655BCED}
		{7A3D4478-A993-4653-9105-F84F56FE8F67} = {B7D9009F-5F7A-4884-9E6E-D36BD77B9478}
		{71F770A1-13F0-4921-BE56-74FFDA285B63} = {B7D9009F-5F7A-4884-9E6E-D36BD77B9478}
	EndGlobalSection
	GlobalSection(ExtensibilityGlobals) = postSolution
		SolutionGuid = {C4197B33-EFB4-452E-A226-5A9709EDC4EC}
	EndGlobalSection
EndGlobal
